// !$*UTF8*$!
{
	archiveVersion = 1;
	classes = {
	};
	objectVersion = 46;
	objects = {

/* Begin PBXBuildFile section */
		8FB2C9CC1B0EC6CB00BBAB6F /* main.m in Sources */ = {isa = PBXBuildFile; fileRef = 8FB2C9CB1B0EC6CB00BBAB6F /* main.m */; };
		8FB2C9CF1B0EC6CB00BBAB6F /* AppDelegate.m in Sources */ = {isa = PBXBuildFile; fileRef = 8FB2C9CE1B0EC6CB00BBAB6F /* AppDelegate.m */; };
		8FB2C9D51B0EC6CB00BBAB6F /* Main.storyboard in Resources */ = {isa = PBXBuildFile; fileRef = 8FB2C9D31B0EC6CB00BBAB6F /* Main.storyboard */; };
		8FB2C9D71B0EC6CB00BBAB6F /* Images.xcassets in Resources */ = {isa = PBXBuildFile; fileRef = 8FB2C9D61B0EC6CB00BBAB6F /* Images.xcassets */; };
		8FB2C9DA1B0EC6CB00BBAB6F /* LaunchScreen.xib in Resources */ = {isa = PBXBuildFile; fileRef = 8FB2C9D81B0EC6CB00BBAB6F /* LaunchScreen.xib */; };
		8FB2C9E61B0EC6CB00BBAB6F /* iOS_unit_challengeTests.m in Sources */ = {isa = PBXBuildFile; fileRef = 8FB2C9E51B0EC6CB00BBAB6F /* iOS_unit_challengeTests.m */; };
		8FFC7FDF1B0ED34E003A3AFB /* TopViewController.m in Sources */ = {isa = PBXBuildFile; fileRef = 8FFC7FDE1B0ED34E003A3AFB /* TopViewController.m */; };
		8FFC7FE21B0ED696003A3AFB /* UIColor+Hex.m in Sources */ = {isa = PBXBuildFile; fileRef = 8FFC7FE11B0ED696003A3AFB /* UIColor+Hex.m */; };
		8FFC7FE51B0EE492003A3AFB /* QuizViewController.m in Sources */ = {isa = PBXBuildFile; fileRef = 8FFC7FE41B0EE492003A3AFB /* QuizViewController.m */; };
		8FFC7FE71B0EED75003A3AFB /* quizdata.json in Resources */ = {isa = PBXBuildFile; fileRef = 8FFC7FE61B0EED75003A3AFB /* quizdata.json */; };
		8FFC7FEA1B0F2102003A3AFB /* false.png in Resources */ = {isa = PBXBuildFile; fileRef = 8FFC7FE81B0F2102003A3AFB /* false.png */; };
		8FFC7FEB1B0F2102003A3AFB /* true.png in Resources */ = {isa = PBXBuildFile; fileRef = 8FFC7FE91B0F2102003A3AFB /* true.png */; };
		8FFC7FEE1B0F2ECA003A3AFB /* CommentaryViewController.m in Sources */ = {isa = PBXBuildFile; fileRef = 8FFC7FED1B0F2ECA003A3AFB /* CommentaryViewController.m */; };
/* End PBXBuildFile section */

/* Begin PBXContainerItemProxy section */
		8FB2C9E01B0EC6CB00BBAB6F /* PBXContainerItemProxy */ = {
			isa = PBXContainerItemProxy;
			containerPortal = 8FB2C9BE1B0EC6CB00BBAB6F /* Project object */;
			proxyType = 1;
			remoteGlobalIDString = 8FB2C9C51B0EC6CB00BBAB6F;
			remoteInfo = iOS_unit_challenge;
		};
/* End PBXContainerItemProxy section */

/* Begin PBXFileReference section */
		8FB2C9C61B0EC6CB00BBAB6F /* iOS_unit_challenge.app */ = {isa = PBXFileReference; explicitFileType = wrapper.application; includeInIndex = 0; path = iOS_unit_challenge.app; sourceTree = BUILT_PRODUCTS_DIR; };
		8FB2C9CA1B0EC6CB00BBAB6F /* Info.plist */ = {isa = PBXFileReference; lastKnownFileType = text.plist.xml; path = Info.plist; sourceTree = "<group>"; };
		8FB2C9CB1B0EC6CB00BBAB6F /* main.m */ = {isa = PBXFileReference; lastKnownFileType = sourcecode.c.objc; path = main.m; sourceTree = "<group>"; };
		8FB2C9CD1B0EC6CB00BBAB6F /* AppDelegate.h */ = {isa = PBXFileReference; lastKnownFileType = sourcecode.c.h; path = AppDelegate.h; sourceTree = "<group>"; };
		8FB2C9CE1B0EC6CB00BBAB6F /* AppDelegate.m */ = {isa = PBXFileReference; lastKnownFileType = sourcecode.c.objc; path = AppDelegate.m; sourceTree = "<group>"; };
		8FB2C9D41B0EC6CB00BBAB6F /* Base */ = {isa = PBXFileReference; lastKnownFileType = file.storyboard; name = Base; path = Base.lproj/Main.storyboard; sourceTree = "<group>"; };
		8FB2C9D61B0EC6CB00BBAB6F /* Images.xcassets */ = {isa = PBXFileReference; lastKnownFileType = folder.assetcatalog; path = Images.xcassets; sourceTree = "<group>"; };
		8FB2C9D91B0EC6CB00BBAB6F /* Base */ = {isa = PBXFileReference; lastKnownFileType = file.xib; name = Base; path = Base.lproj/LaunchScreen.xib; sourceTree = "<group>"; };
		8FB2C9DF1B0EC6CB00BBAB6F /* iOS_unit_challengeTests.xctest */ = {isa = PBXFileReference; explicitFileType = wrapper.cfbundle; includeInIndex = 0; path = iOS_unit_challengeTests.xctest; sourceTree = BUILT_PRODUCTS_DIR; };
		8FB2C9E41B0EC6CB00BBAB6F /* Info.plist */ = {isa = PBXFileReference; lastKnownFileType = text.plist.xml; path = Info.plist; sourceTree = "<group>"; };
		8FB2C9E51B0EC6CB00BBAB6F /* iOS_unit_challengeTests.m */ = {isa = PBXFileReference; lastKnownFileType = sourcecode.c.objc; path = iOS_unit_challengeTests.m; sourceTree = "<group>"; };
		8FFC7FDD1B0ED34E003A3AFB /* TopViewController.h */ = {isa = PBXFileReference; fileEncoding = 4; lastKnownFileType = sourcecode.c.h; path = TopViewController.h; sourceTree = "<group>"; };
		8FFC7FDE1B0ED34E003A3AFB /* TopViewController.m */ = {isa = PBXFileReference; fileEncoding = 4; lastKnownFileType = sourcecode.c.objc; path = TopViewController.m; sourceTree = "<group>"; };
		8FFC7FE01B0ED696003A3AFB /* UIColor+Hex.h */ = {isa = PBXFileReference; fileEncoding = 4; lastKnownFileType = sourcecode.c.h; path = "UIColor+Hex.h"; sourceTree = "<group>"; };
		8FFC7FE11B0ED696003A3AFB /* UIColor+Hex.m */ = {isa = PBXFileReference; fileEncoding = 4; lastKnownFileType = sourcecode.c.objc; path = "UIColor+Hex.m"; sourceTree = "<group>"; };
		8FFC7FE31B0EE492003A3AFB /* QuizViewController.h */ = {isa = PBXFileReference; fileEncoding = 4; lastKnownFileType = sourcecode.c.h; path = QuizViewController.h; sourceTree = "<group>"; };
		8FFC7FE41B0EE492003A3AFB /* QuizViewController.m */ = {isa = PBXFileReference; fileEncoding = 4; lastKnownFileType = sourcecode.c.objc; path = QuizViewController.m; sourceTree = "<group>"; };
		8FFC7FE61B0EED75003A3AFB /* quizdata.json */ = {isa = PBXFileReference; fileEncoding = 4; lastKnownFileType = text.json; path = quizdata.json; sourceTree = "<group>"; };
		8FFC7FE81B0F2102003A3AFB /* false.png */ = {isa = PBXFileReference; lastKnownFileType = image.png; path = false.png; sourceTree = "<group>"; };
		8FFC7FE91B0F2102003A3AFB /* true.png */ = {isa = PBXFileReference; lastKnownFileType = image.png; path = true.png; sourceTree = "<group>"; };
		8FFC7FEC1B0F2ECA003A3AFB /* CommentaryViewController.h */ = {isa = PBXFileReference; fileEncoding = 4; lastKnownFileType = sourcecode.c.h; path = CommentaryViewController.h; sourceTree = "<group>"; };
		8FFC7FED1B0F2ECA003A3AFB /* CommentaryViewController.m */ = {isa = PBXFileReference; fileEncoding = 4; lastKnownFileType = sourcecode.c.objc; path = CommentaryViewController.m; sourceTree = "<group>"; };
/* End PBXFileReference section */

/* Begin PBXFrameworksBuildPhase section */
		8FB2C9C31B0EC6CB00BBAB6F /* Frameworks */ = {
			isa = PBXFrameworksBuildPhase;
			buildActionMask = 2147483647;
			files = (
			);
			runOnlyForDeploymentPostprocessing = 0;
		};
		8FB2C9DC1B0EC6CB00BBAB6F /* Frameworks */ = {
			isa = PBXFrameworksBuildPhase;
			buildActionMask = 2147483647;
			files = (
			);
			runOnlyForDeploymentPostprocessing = 0;
		};
/* End PBXFrameworksBuildPhase section */

/* Begin PBXGroup section */
		8FB2C9BD1B0EC6CB00BBAB6F = {
			isa = PBXGroup;
			children = (
				8FFC7FE81B0F2102003A3AFB /* false.png */,
				8FFC7FE91B0F2102003A3AFB /* true.png */,
				8FFC7FE61B0EED75003A3AFB /* quizdata.json */,
				8FB2C9C81B0EC6CB00BBAB6F /* iOS_unit_challenge */,
				8FB2C9E21B0EC6CB00BBAB6F /* iOS_unit_challengeTests */,
				8FB2C9C71B0EC6CB00BBAB6F /* Products */,
			);
			sourceTree = "<group>";
		};
		8FB2C9C71B0EC6CB00BBAB6F /* Products */ = {
			isa = PBXGroup;
			children = (
				8FB2C9C61B0EC6CB00BBAB6F /* iOS_unit_challenge.app */,
				8FB2C9DF1B0EC6CB00BBAB6F /* iOS_unit_challengeTests.xctest */,
			);
			name = Products;
			sourceTree = "<group>";
		};
		8FB2C9C81B0EC6CB00BBAB6F /* iOS_unit_challenge */ = {
			isa = PBXGroup;
			children = (
				8FB2C9CD1B0EC6CB00BBAB6F /* AppDelegate.h */,
				8FB2C9CE1B0EC6CB00BBAB6F /* AppDelegate.m */,
				8FB2C9D31B0EC6CB00BBAB6F /* Main.storyboard */,
				8FB2C9D61B0EC6CB00BBAB6F /* Images.xcassets */,
				8FB2C9D81B0EC6CB00BBAB6F /* LaunchScreen.xib */,
				8FB2C9C91B0EC6CB00BBAB6F /* Supporting Files */,
				8FFC7FDD1B0ED34E003A3AFB /* TopViewController.h */,
				8FFC7FDE1B0ED34E003A3AFB /* TopViewController.m */,
				8FFC7FE01B0ED696003A3AFB /* UIColor+Hex.h */,
				8FFC7FE11B0ED696003A3AFB /* UIColor+Hex.m */,
				8FFC7FE31B0EE492003A3AFB /* QuizViewController.h */,
				8FFC7FE41B0EE492003A3AFB /* QuizViewController.m */,
				8FFC7FEC1B0F2ECA003A3AFB /* CommentaryViewController.h */,
				8FFC7FED1B0F2ECA003A3AFB /* CommentaryViewController.m */,
			);
			path = iOS_unit_challenge;
			sourceTree = "<group>";
		};
		8FB2C9C91B0EC6CB00BBAB6F /* Supporting Files */ = {
			isa = PBXGroup;
			children = (
				8FB2C9CA1B0EC6CB00BBAB6F /* Info.plist */,
				8FB2C9CB1B0EC6CB00BBAB6F /* main.m */,
			);
			name = "Supporting Files";
			sourceTree = "<group>";
		};
		8FB2C9E21B0EC6CB00BBAB6F /* iOS_unit_challengeTests */ = {
			isa = PBXGroup;
			children = (
				8FB2C9E51B0EC6CB00BBAB6F /* iOS_unit_challengeTests.m */,
				8FB2C9E31B0EC6CB00BBAB6F /* Supporting Files */,
			);
			path = iOS_unit_challengeTests;
			sourceTree = "<group>";
		};
		8FB2C9E31B0EC6CB00BBAB6F /* Supporting Files */ = {
			isa = PBXGroup;
			children = (
				8FB2C9E41B0EC6CB00BBAB6F /* Info.plist */,
			);
			name = "Supporting Files";
			sourceTree = "<group>";
		};
/* End PBXGroup section */

/* Begin PBXNativeTarget section */
		8FB2C9C51B0EC6CB00BBAB6F /* iOS_unit_challenge */ = {
			isa = PBXNativeTarget;
			buildConfigurationList = 8FB2C9E91B0EC6CB00BBAB6F /* Build configuration list for PBXNativeTarget "iOS_unit_challenge" */;
			buildPhases = (
				8FB2C9C21B0EC6CB00BBAB6F /* Sources */,
				8FB2C9C31B0EC6CB00BBAB6F /* Frameworks */,
				8FB2C9C41B0EC6CB00BBAB6F /* Resources */,
			);
			buildRules = (
			);
			dependencies = (
			);
			name = iOS_unit_challenge;
			productName = iOS_unit_challenge;
			productReference = 8FB2C9C61B0EC6CB00BBAB6F /* iOS_unit_challenge.app */;
			productType = "com.apple.product-type.application";
		};
		8FB2C9DE1B0EC6CB00BBAB6F /* iOS_unit_challengeTests */ = {
			isa = PBXNativeTarget;
			buildConfigurationList = 8FB2C9EC1B0EC6CB00BBAB6F /* Build configuration list for PBXNativeTarget "iOS_unit_challengeTests" */;
			buildPhases = (
				8FB2C9DB1B0EC6CB00BBAB6F /* Sources */,
				8FB2C9DC1B0EC6CB00BBAB6F /* Frameworks */,
				8FB2C9DD1B0EC6CB00BBAB6F /* Resources */,
			);
			buildRules = (
			);
			dependencies = (
				8FB2C9E11B0EC6CB00BBAB6F /* PBXTargetDependency */,
			);
			name = iOS_unit_challengeTests;
			productName = iOS_unit_challengeTests;
			productReference = 8FB2C9DF1B0EC6CB00BBAB6F /* iOS_unit_challengeTests.xctest */;
			productType = "com.apple.product-type.bundle.unit-test";
		};
/* End PBXNativeTarget section */

/* Begin PBXProject section */
		8FB2C9BE1B0EC6CB00BBAB6F /* Project object */ = {
			isa = PBXProject;
			attributes = {
				LastUpgradeCheck = 0630;
				ORGANIZATIONNAME = winvelab;
				TargetAttributes = {
					8FB2C9C51B0EC6CB00BBAB6F = {
						CreatedOnToolsVersion = 6.3;
					};
					8FB2C9DE1B0EC6CB00BBAB6F = {
						CreatedOnToolsVersion = 6.3;
						TestTargetID = 8FB2C9C51B0EC6CB00BBAB6F;
					};
				};
			};
			buildConfigurationList = 8FB2C9C11B0EC6CB00BBAB6F /* Build configuration list for PBXProject "iOS_unit_challenge" */;
			compatibilityVersion = "Xcode 3.2";
			developmentRegion = English;
			hasScannedForEncodings = 0;
			knownRegions = (
				en,
				Base,
			);
			mainGroup = 8FB2C9BD1B0EC6CB00BBAB6F;
			productRefGroup = 8FB2C9C71B0EC6CB00BBAB6F /* Products */;
			projectDirPath = "";
			projectRoot = "";
			targets = (
				8FB2C9C51B0EC6CB00BBAB6F /* iOS_unit_challenge */,
				8FB2C9DE1B0EC6CB00BBAB6F /* iOS_unit_challengeTests */,
			);
		};
/* End PBXProject section */

/* Begin PBXResourcesBuildPhase section */
		8FB2C9C41B0EC6CB00BBAB6F /* Resources */ = {
			isa = PBXResourcesBuildPhase;
			buildActionMask = 2147483647;
			files = (
				8FFC7FE71B0EED75003A3AFB /* quizdata.json in Resources */,
				8FB2C9D51B0EC6CB00BBAB6F /* Main.storyboard in Resources */,
				8FB2C9DA1B0EC6CB00BBAB6F /* LaunchScreen.xib in Resources */,
				8FB2C9D71B0EC6CB00BBAB6F /* Images.xcassets in Resources */,
				8FFC7FEA1B0F2102003A3AFB /* false.png in Resources */,
				8FFC7FEB1B0F2102003A3AFB /* true.png in Resources */,
			);
			runOnlyForDeploymentPostprocessing = 0;
		};
		8FB2C9DD1B0EC6CB00BBAB6F /* Resources */ = {
			isa = PBXResourcesBuildPhase;
			buildActionMask = 2147483647;
			files = (
			);
			runOnlyForDeploymentPostprocessing = 0;
		};
/* End PBXResourcesBuildPhase section */

/* Begin PBXSourcesBuildPhase section */
		8FB2C9C21B0EC6CB00BBAB6F /* Sources */ = {
			isa = PBXSourcesBuildPhase;
			buildActionMask = 2147483647;
			files = (
				8FFC7FDF1B0ED34E003A3AFB /* TopViewController.m in Sources */,
				8FFC7FE21B0ED696003A3AFB /* UIColor+Hex.m in Sources */,
				8FB2C9CF1B0EC6CB00BBAB6F /* AppDelegate.m in Sources */,
				8FB2C9CC1B0EC6CB00BBAB6F /* main.m in Sources */,
				8FFC7FE51B0EE492003A3AFB /* QuizViewController.m in Sources */,
				8FFC7FEE1B0F2ECA003A3AFB /* CommentaryViewController.m in Sources */,
			);
			runOnlyForDeploymentPostprocessing = 0;
		};
		8FB2C9DB1B0EC6CB00BBAB6F /* Sources */ = {
			isa = PBXSourcesBuildPhase;
			buildActionMask = 2147483647;
			files = (
				8FB2C9E61B0EC6CB00BBAB6F /* iOS_unit_challengeTests.m in Sources */,
			);
			runOnlyForDeploymentPostprocessing = 0;
		};
/* End PBXSourcesBuildPhase section */

/* Begin PBXTargetDependency section */
		8FB2C9E11B0EC6CB00BBAB6F /* PBXTargetDependency */ = {
			isa = PBXTargetDependency;
			target = 8FB2C9C51B0EC6CB00BBAB6F /* iOS_unit_challenge */;
			targetProxy = 8FB2C9E01B0EC6CB00BBAB6F /* PBXContainerItemProxy */;
		};
/* End PBXTargetDependency section */

/* Begin PBXVariantGroup section */
		8FB2C9D31B0EC6CB00BBAB6F /* Main.storyboard */ = {
			isa = PBXVariantGroup;
			children = (
				8FB2C9D41B0EC6CB00BBAB6F /* Base */,
			);
			name = Main.storyboard;
			sourceTree = "<group>";
		};
		8FB2C9D81B0EC6CB00BBAB6F /* LaunchScreen.xib */ = {
			isa = PBXVariantGroup;
			children = (
				8FB2C9D91B0EC6CB00BBAB6F /* Base */,
			);
			name = LaunchScreen.xib;
			sourceTree = "<group>";
		};
/* End PBXVariantGroup section */

/* Begin XCBuildConfiguration section */
		8FB2C9E71B0EC6CB00BBAB6F /* Debug */ = {
			isa = XCBuildConfiguration;
			buildSettings = {
				ALWAYS_SEARCH_USER_PATHS = NO;
				CLANG_CXX_LANGUAGE_STANDARD = "gnu++0x";
				CLANG_CXX_LIBRARY = "libc++";
				CLANG_ENABLE_MODULES = YES;
				CLANG_ENABLE_OBJC_ARC = YES;
				CLANG_WARN_BOOL_CONVERSION = YES;
				CLANG_WARN_CONSTANT_CONVERSION = YES;
				CLANG_WARN_DIRECT_OBJC_ISA_USAGE = YES_ERROR;
				CLANG_WARN_EMPTY_BODY = YES;
				CLANG_WARN_ENUM_CONVERSION = YES;
				CLANG_WARN_INT_CONVERSION = YES;
				CLANG_WARN_OBJC_ROOT_CLASS = YES_ERROR;
				CLANG_WARN_UNREACHABLE_CODE = YES;
				CLANG_WARN__DUPLICATE_METHOD_MATCH = YES;
				"CODE_SIGN_IDENTITY[sdk=iphoneos*]" = "iPhone Developer";
				COPY_PHASE_STRIP = NO;
				DEBUG_INFORMATION_FORMAT = "dwarf-with-dsym";
				ENABLE_STRICT_OBJC_MSGSEND = YES;
				GCC_C_LANGUAGE_STANDARD = gnu99;
				GCC_DYNAMIC_NO_PIC = NO;
				GCC_NO_COMMON_BLOCKS = YES;
				GCC_OPTIMIZATION_LEVEL = 0;
				GCC_PREPROCESSOR_DEFINITIONS = (
					"DEBUG=1",
					"$(inherited)",
				);
				GCC_SYMBOLS_PRIVATE_EXTERN = NO;
				GCC_WARN_64_TO_32_BIT_CONVERSION = YES;
				GCC_WARN_ABOUT_RETURN_TYPE = YES_ERROR;
				GCC_WARN_UNDECLARED_SELECTOR = YES;
				GCC_WARN_UNINITIALIZED_AUTOS = YES_AGGRESSIVE;
				GCC_WARN_UNUSED_FUNCTION = YES;
				GCC_WARN_UNUSED_VARIABLE = YES;
				IPHONEOS_DEPLOYMENT_TARGET = 8.3;
				MTL_ENABLE_DEBUG_INFO = YES;
				ONLY_ACTIVE_ARCH = YES;
				SDKROOT = iphoneos;
				TARGETED_DEVICE_FAMILY = "1,2";
			};
			name = Debug;
		};
		8FB2C9E81B0EC6CB00BBAB6F /* Release */ = {
			isa = XCBuildConfiguration;
			buildSettings = {
				ALWAYS_SEARCH_USER_PATHS = NO;
				CLANG_CXX_LANGUAGE_STANDARD = "gnu++0x";
				CLANG_CXX_LIBRARY = "libc++";
				CLANG_ENABLE_MODULES = YES;
				CLANG_ENABLE_OBJC_ARC = YES;
				CLANG_WARN_BOOL_CONVERSION = YES;
				CLANG_WARN_CONSTANT_CONVERSION = YES;
				CLANG_WARN_DIRECT_OBJC_ISA_USAGE = YES_ERROR;
				CLANG_WARN_EMPTY_BODY = YES;
				CLANG_WARN_ENUM_CONVERSION = YES;
				CLANG_WARN_INT_CONVERSION = YES;
				CLANG_WARN_OBJC_ROOT_CLASS = YES_ERROR;
				CLANG_WARN_UNREACHABLE_CODE = YES;
				CLANG_WARN__DUPLICATE_METHOD_MATCH = YES;
				"CODE_SIGN_IDENTITY[sdk=iphoneos*]" = "iPhone Developer";
				COPY_PHASE_STRIP = NO;
				DEBUG_INFORMATION_FORMAT = "dwarf-with-dsym";
				ENABLE_NS_ASSERTIONS = NO;
				ENABLE_STRICT_OBJC_MSGSEND = YES;
				GCC_C_LANGUAGE_STANDARD = gnu99;
				GCC_NO_COMMON_BLOCKS = YES;
				GCC_WARN_64_TO_32_BIT_CONVERSION = YES;
				GCC_WARN_ABOUT_RETURN_TYPE = YES_ERROR;
				GCC_WARN_UNDECLARED_SELECTOR = YES;
				GCC_WARN_UNINITIALIZED_AUTOS = YES_AGGRESSIVE;
				GCC_WARN_UNUSED_FUNCTION = YES;
				GCC_WARN_UNUSED_VARIABLE = YES;
				IPHONEOS_DEPLOYMENT_TARGET = 8.3;
				MTL_ENABLE_DEBUG_INFO = NO;
				SDKROOT = iphoneos;
				TARGETED_DEVICE_FAMILY = "1,2";
				VALIDATE_PRODUCT = YES;
			};
			name = Release;
		};
		8FB2C9EA1B0EC6CB00BBAB6F /* Debug */ = {
			isa = XCBuildConfiguration;
			buildSettings = {
				ASSETCATALOG_COMPILER_APPICON_NAME = "AppIcon-1";
				INFOPLIST_FILE = iOS_unit_challenge/Info.plist;
				IPHONEOS_DEPLOYMENT_TARGET = 8.2;
				LD_RUNPATH_SEARCH_PATHS = "$(inherited) @executable_path/Frameworks";
				PRODUCT_NAME = "$(TARGET_NAME)";
			};
			name = Debug;
		};
		8FB2C9EB1B0EC6CB00BBAB6F /* Release */ = {
			isa = XCBuildConfiguration;
			buildSettings = {
				ASSETCATALOG_COMPILER_APPICON_NAME = "AppIcon-1";
				INFOPLIST_FILE = iOS_unit_challenge/Info.plist;
				IPHONEOS_DEPLOYMENT_TARGET = 8.2;
				LD_RUNPATH_SEARCH_PATHS = "$(inherited) @executable_path/Frameworks";
				PRODUCT_NAME = "$(TARGET_NAME)";
			};
			name = Release;
		};
		8FB2C9ED1B0EC6CB00BBAB6F /* Debug */ = {
			isa = XCBuildConfiguration;
			buildSettings = {
				BUNDLE_LOADER = "$(TEST_HOST)";
				FRAMEWORK_SEARCH_PATHS = (
					"$(SDKROOT)/Developer/Library/Frameworks",
					"$(inherited)",
				);
				GCC_PREPROCESSOR_DEFINITIONS = (
					"DEBUG=1",
					"$(inherited)",
				);
				INFOPLIST_FILE = iOS_unit_challengeTests/Info.plist;
				LD_RUNPATH_SEARCH_PATHS = "$(inherited) @executable_path/Frameworks @loader_path/Frameworks";
				PRODUCT_NAME = "$(TARGET_NAME)";
				TEST_HOST = "$(BUILT_PRODUCTS_DIR)/iOS_unit_challenge.app/iOS_unit_challenge";
			};
			name = Debug;
		};
		8FB2C9EE1B0EC6CB00BBAB6F /* Release */ = {
			isa = XCBuildConfiguration;
			buildSettings = {
				BUNDLE_LOADER = "$(TEST_HOST)";
				FRAMEWORK_SEARCH_PATHS = (
					"$(SDKROOT)/Developer/Library/Frameworks",
					"$(inherited)",
				);
				INFOPLIST_FILE = iOS_unit_challengeTests/Info.plist;
				LD_RUNPATH_SEARCH_PATHS = "$(inherited) @executable_path/Frameworks @loader_path/Frameworks";
				PRODUCT_NAME = "$(TARGET_NAME)";
				TEST_HOST = "$(BUILT_PRODUCTS_DIR)/iOS_unit_challenge.app/iOS_unit_challenge";
			};
			name = Release;
		};
/* End XCBuildConfiguration section */

/* Begin XCConfigurationList section */
		8FB2C9C11B0EC6CB00BBAB6F /* Build configuration list for PBXProject "iOS_unit_challenge" */ = {
			isa = XCConfigurationList;
			buildConfigurations = (
				8FB2C9E71B0EC6CB00BBAB6F /* Debug */,
				8FB2C9E81B0EC6CB00BBAB6F /* Release */,
			);
			defaultConfigurationIsVisible = 0;
			defaultConfigurationName = Release;
		};
		8FB2C9E91B0EC6CB00BBAB6F /* Build configuration list for PBXNativeTarget "iOS_unit_challenge" */ = {
			isa = XCConfigurationList;
			buildConfigurations = (
				8FB2C9EA1B0EC6CB00BBAB6F /* Debug */,
				8FB2C9EB1B0EC6CB00BBAB6F /* Release */,
			);
			defaultConfigurationIsVisible = 0;
			defaultConfigurationName = Release;
		};
		8FB2C9EC1B0EC6CB00BBAB6F /* Build configuration list for PBXNativeTarget "iOS_unit_challengeTests" */ = {
			isa = XCConfigurationList;
			buildConfigurations = (
				8FB2C9ED1B0EC6CB00BBAB6F /* Debug */,
				8FB2C9EE1B0EC6CB00BBAB6F /* Release */,
			);
			defaultConfigurationIsVisible = 0;
			defaultConfigurationName = Release;
		};
/* End XCConfigurationList section */
	};
	rootObject = 8FB2C9BE1B0EC6CB00BBAB6F /* Project object */;
}
